
Microsoft Visual Studio Solution File, Format Version 12.00
# Visual Studio 14
VisualStudioVersion = 14.0.25123.0
MinimumVisualStudioVersion = 10.0.40219.1
Project("{FAE04EC0-301F-11D3-BF4B-00C04F79EFBC}") = "Axe.Logging.Core", "src\Axe.Logging.Core\Axe.Logging.Core.csproj", "{D71AC3D6-13F8-4826-838A-64DEAAE75997}"
EndProject
Project("{2150E333-8FDC-42A3-9474-1A3956D46DE8}") = "src", "src", "{AB69711F-4EF3-495E-B3C0-DE25C076F521}"
EndProject
Project("{2150E333-8FDC-42A3-9474-1A3956D46DE8}") = "test", "test", "{E4617A4C-F1EF-4A4F-B830-0BA5BF5C9C82}"
EndProject
Project("{FAE04EC0-301F-11D3-BF4B-00C04F79EFBC}") = "Axe.Logging.Test", "test\Axe.Logging.Test\Axe.Logging.Test.csproj", "{4CC82C7B-F58B-41E7-A04F-61056F046F85}"
EndProject
Global
	GlobalSection(SolutionConfigurationPlatforms) = preSolution
		Debug|Any CPU = Debug|Any CPU
		Release|Any CPU = Release|Any CPU
	EndGlobalSection
	GlobalSection(ProjectConfigurationPlatforms) = postSolution
		{D71AC3D6-13F8-4826-838A-64DEAAE75997}.Debug|Any CPU.ActiveCfg = Debug|Any CPU
		{D71AC3D6-13F8-4826-838A-64DEAAE75997}.Debug|Any CPU.Build.0 = Debug|Any CPU
		{D71AC3D6-13F8-4826-838A-64DEAAE75997}.Release|Any CPU.ActiveCfg = Release|Any CPU
		{D71AC3D6-13F8-4826-838A-64DEAAE75997}.Release|Any CPU.Build.0 = Release|Any CPU
		{4CC82C7B-F58B-41E7-A04F-61056F046F85}.Debug|Any CPU.ActiveCfg = Debug|Any CPU
		{4CC82C7B-F58B-41E7-A04F-61056F046F85}.Debug|Any CPU.Build.0 = Debug|Any CPU
		{4CC82C7B-F58B-41E7-A04F-61056F046F85}.Release|Any CPU.ActiveCfg = Release|Any CPU
		{4CC82C7B-F58B-41E7-A04F-61056F046F85}.Release|Any CPU.Build.0 = Release|Any CPU
	EndGlobalSection
	GlobalSection(SolutionProperties) = preSolution
		HideSolutionNode = FALSE
	EndGlobalSection
	GlobalSection(NestedProjects) = preSolution
		{D71AC3D6-13F8-4826-838A-64DEAAE75997} = {AB69711F-4EF3-495E-B3C0-DE25C076F521}
		{4CC82C7B-F58B-41E7-A04F-61056F046F85} = {E4617A4C-F1EF-4A4F-B830-0BA5BF5C9C82}
	EndGlobalSection
EndGlobal
